{
  "nodes": {
    "dagger-nix": {
      "inputs": {
        "nixpkgs": [
          "nixpkgs"
        ]
      },
      "locked": {
        "lastModified": 1787751959,
        "narHash": "sha256-IY0FDSvjme7YH/UwQJNasYLEd9Ryw25urF3ZxsH3WJM=",
        "owner": "dagger",
        "repo": "nix",
        "rev": "4a39fb35b724a8f85c254fa1513fa0ffc17162e7",
        "type": "github"
      },
      "original": {
        "owner": "dagger",
        "repo": "nix",
        "type": "github"
      }
    },
    "devenv": {
      "locked": {
        "dir": "src/modules",
        "lastModified": 1788956372,
        "narHash": "sha256-ACop98BNBAWic+KLXd5PBSwzxzMUfEWmefVXDBDFyHQ=",
        "owner": "cachix",
        "repo": "devenv",
        "rev": "2a399e9ea5e981f225d75b25c8fa8d76f730131d",
        "type": "github"
      },
      "original": {
        "dir": "src/modules",
        "owner": "cachix",
        "repo": "devenv",
        "type": "github"
      }
    },
    "devenv-dagger": {
      "locked": {
        "dir": "src/modules",
        "lastModified": 1789342220,
        "narHash": "sha256-UB/LxTYIo7c8bm3XkYTDmtacke56WoL8RCa/YraQ0mU=",
        "owner": "jfroche",
        "repo": "devenv-dagger",
        "rev": "be90b17c07a8516dfd02c777b08cc08df68d20e7",
        "type": "github"
      },
      "original": {
        "dir": "src/modules",
        "owner": "jfroche",
        "repo": "devenv-dagger",
        "type": "github"
      }
    },
    "flake-compat": {
      "flake": false,
      "locked": {
        "lastModified": 1767039857,
        "narHash": "sha256-vNpUSpF5Nuw8xvDLj2KCwwksIbjua2LZCqhV1LNRDns=",
        "owner": "edolstra",
        "repo": "flake-compat",
        "rev": "5edf11c44bc78a0d334f6334cdaf7d60d732daab",
        "type": "github"
      },
      "original": {
        "owner": "edolstra",
        "repo": "flake-compat",
        "type": "github"
      }
    },
    "nixpkgs": {
      "locked": {
        "lastModified": 1789006805,
        "narHash": "sha256-xB8mKMOx1IA9vTDNLmJZ6n4wCMq/cuWBBOzGCRnqxrU=",
        "owner": "NixOS",
        "repo": "nixpkgs",
        "rev": "8ce4ef6cb6f871616146b9fe26d2a5ae594e94fe",
        "type": "github"
      },
      "original": {
        "owner": "NixOS",
        "ref": "nixos-unstable",
        "repo": "nixpkgs",
        "type": "github"
      }
    },
    "nixpkgs-python": {
      "inputs": {
        "flake-compat": "flake-compat",
        "nixpkgs": [
          "nixpkgs"
        ]
      },
      "locked": {
        "lastModified": 1786471740,
        "narHash": "sha256-9PEUIbLorWC455Oa/4dxuLh+PFPfENBOgEN52gw+Onk=",
        "owner": "cachix",
        "repo": "nixpkgs-python",
        "rev": "4d2bd16c09baaa04f4045f16f6a5574654aaba16",
        "type": "github"
      },
      "original": {
        "owner": "cachix",
        "repo": "nixpkgs-python",
        "type": "github"
      }
    },
    "root": {
      "inputs": {
        "dagger-nix": "dagger-nix",
        "devenv": "devenv",
        "devenv-dagger": "devenv-dagger",
        "nixpkgs": "nixpkgs",
        "nixpkgs-python": "nixpkgs-python",
        "upstream-devenv": "upstream-devenv"
      }
    },
    "upstream-devenv": {
      "locked": {
        "dir": "src/modules",
        "lastModified": 1788956372,
        "narHash": "sha256-ACop98BNBAWic+KLXd5PBSwzxzMUfEWmefVXDBDFyHQ=",
        "owner": "cachix",
        "repo": "devenv",
        "rev": "2a399e9ea5e981f225d75b25c8fa8d76f730131d",
        "type": "github"
      },
      "original": {
        "dir": "src/modules",
        "owner": "cachix",
        "repo": "devenv",
        "rev": "2a399e9ea5e981f225d75b25c8fa8d76f730131d",
        "type": "github"
      }
    }
  },
  "root": "root",
  "version": 7
}